
Microsoft Visual Studio Solution File, Format Version 12.00
# Visual Studio Version 17
VisualStudioVersion = 17.0.31903.59
MinimumVisualStudioVersion = 10.0.40219.1
Project("{2150E333-8FDC-42A3-9474-1A3956D46DE8}") = "server", "server", "{DAD03CFC-D5FA-AC94-41C7-9ABAB326F09E}"
EndProject
Project("{FAE04EC0-301F-11D3-BF4B-00C04F79EFBC}") = "Bimwright.Nwd.Server", "server\Bimwright.Nwd.Server.csproj", "{346094D9-2D0F-4702-B48A-CEF053308D10}"
EndProject
Project("{FAE04EC0-301F-11D3-BF4B-00C04F79EFBC}") = "Bimwright.Nwd.Tests", "..\tests\Bimwright.Nwd.Tests\Bimwright.Nwd.Tests.csproj", "{70D41190-F59E-4B3E-8528-8A124EDBE9A5}"
EndProject
Project("{2150E333-8FDC-42A3-9474-1A3956D46DE8}") = "plugin-navis22", "plugin-navis22", "{F5470FF3-9A42-F5CD-4E11-297FBBACA6C6}"
EndProject
Project("{FAE04EC0-301F-11D3-BF4B-00C04F79EFBC}") = "Bimwright.Nwd.Plugin.Navis22", "plugin-navis22\Bimwright.Nwd.Plugin.Navis22.csproj", "{00137AAA-2CAB-4B49-94FB-B3667724B712}"
EndProject
Project("{2150E333-8FDC-42A3-9474-1A3956D46DE8}") = "plugin-navis23", "plugin-navis23", "{6C6414E3-6AF9-DC80-0553-3DCC949CD66A}"
EndProject
Project("{FAE04EC0-301F-11D3-BF4B-00C04F79EFBC}") = "Bimwright.Nwd.Plugin.Navis23", "plugin-navis23\Bimwright.Nwd.Plugin.Navis23.csproj", "{F15BBF6D-7AE1-42EF-BBB6-25EDA89535E4}"
EndProject
Project("{2150E333-8FDC-42A3-9474-1A3956D46DE8}") = "plugin-navis24", "plugin-navis24", "{B4AE422A-53E3-0580-3F3E-AC82005D2247}"
EndProject
Project("{FAE04EC0-301F-11D3-BF4B-00C04F79EFBC}") = "Bimwright.Nwd.Plugin.Navis24", "plugin-navis24\Bimwright.Nwd.Plugin.Navis24.csproj", "{88B8C2D1-52BD-4818-8079-DC01B5E5931B}"
EndProject
Project("{2150E333-8FDC-42A3-9474-1A3956D46DE8}") = "plugin-navis25", "plugin-navis25", "{D101A23D-F81F-7D29-AA88-785B1AA581B8}"
EndProject
Project("{FAE04EC0-301F-11D3-BF4B-00C04F79EFBC}") = "Bimwright.Nwd.Plugin.Navis25", "plugin-navis25\Bimwright.Nwd.Plugin.Navis25.csproj", "{82B635BA-A155-423B-BD15-4D01F8840959}"
EndProject
Project("{2150E333-8FDC-42A3-9474-1A3956D46DE8}") = "plugin-navis26", "plugin-navis26", "{FF7F82A6-1743-7B74-C779-A1AD51195B34}"
EndProject
Project("{FAE04EC0-301F-11D3-BF4B-00C04F79EFBC}") = "Bimwright.Nwd.Plugin.Navis26", "plugin-navis26\Bimwright.Nwd.Plugin.Navis26.csproj", "{385C1576-1FF6-4502-AE1C-6ABF8B7FC60F}"
EndProject
Project("{2150E333-8FDC-42A3-9474-1A3956D46DE8}") = "plugin-navis27", "plugin-navis27", "{CD67C970-BDBD-1193-C63C-0A5FA33EE516}"
EndProject
Project("{FAE04EC0-301F-11D3-BF4B-00C04F79EFBC}") = "Bimwright.Nwd.Plugin.Navis27", "plugin-navis27\Bimwright.Nwd.Plugin.Navis27.csproj", "{806463A4-5195-48E3-BF7D-21F5EC7B69AB}"
EndProject
Global
	GlobalSection(SolutionConfigurationPlatforms) = preSolution
		Debug|Any CPU = Debug|Any CPU
		Debug|x64 = Debug|x64
		Debug|x86 = Debug|x86
		Release|Any CPU = Release|Any CPU
		Release|x64 = Release|x64
		Release|x86 = Release|x86
	EndGlobalSection
	GlobalSection(ProjectConfigurationPlatforms) = postSolution
		{346094D9-2D0F-4702-B48A-CEF053308D10}.Debug|Any CPU.ActiveCfg = Debug|Any CPU
		{346094D9-2D0F-4702-B48A-CEF053308D10}.Debug|Any CPU.Build.0 = Debug|Any CPU
		{346094D9-2D0F-4702-B48A-CEF053308D10}.Debug|x64.ActiveCfg = Debug|Any CPU
		{346094D9-2D0F-4702-B48A-CEF053308D10}.Debug|x64.Build.0 = Debug|Any CPU
		{346094D9-2D0F-4702-B48A-CEF053308D10}.Debug|x86.ActiveCfg = Debug|Any CPU
		{346094D9-2D0F-4702-B48A-CEF053308D10}.Debug|x86.Build.0 = Debug|Any CPU
		{346094D9-2D0F-4702-B48A-CEF053308D10}.Release|Any CPU.ActiveCfg = Release|Any CPU
		{346094D9-2D0F-4702-B48A-CEF053308D10}.Release|Any CPU.Build.0 = Release|Any CPU
		{346094D9-2D0F-4702-B48A-CEF053308D10}.Release|x64.ActiveCfg = Release|Any CPU
		{346094D9-2D0F-4702-B48A-CEF053308D10}.Release|x64.Build.0 = Release|Any CPU
		{346094D9-2D0F-4702-B48A-CEF053308D10}.Release|x86.ActiveCfg = Release|Any CPU
		{346094D9-2D0F-4702-B48A-CEF053308D10}.Release|x86.Build.0 = Release|Any CPU
		{70D41190-F59E-4B3E-8528-8A124EDBE9A5}.Debug|Any CPU.ActiveCfg = Debug|Any CPU
		{70D41190-F59E-4B3E-8528-8A124EDBE9A5}.Debug|Any CPU.Build.0 = Debug|Any CPU
		{70D41190-F59E-4B3E-8528-8A124EDBE9A5}.Debug|x64.ActiveCfg = Debug|Any CPU
		{70D41190-F59E-4B3E-8528-8A124EDBE9A5}.Debug|x64.Build.0 = Debug|Any CPU
		{70D41190-F59E-4B3E-8528-8A124EDBE9A5}.Debug|x86.ActiveCfg = Debug|Any CPU
		{70D41190-F59E-4B3E-8528-8A124EDBE9A5}.Debug|x86.Build.0 = Debug|Any CPU
		{70D41190-F59E-4B3E-8528-8A124EDBE9A5}.Release|Any CPU.ActiveCfg = Release|Any CPU
		{70D41190-F59E-4B3E-8528-8A124EDBE9A5}.Release|Any CPU.Build.0 = Release|Any CPU
		{70D41190-F59E-4B3E-8528-8A124EDBE9A5}.Release|x64.ActiveCfg = Release|Any CPU
		{70D41190-F59E-4B3E-8528-8A124EDBE9A5}.Release|x64.Build.0 = Release|Any CPU
		{70D41190-F59E-4B3E-8528-8A124EDBE9A5}.Release|x86.ActiveCfg = Release|Any CPU
		{70D41190-F59E-4B3E-8528-8A124EDBE9A5}.Release|x86.Build.0 = Release|Any CPU
		{00137AAA-2CAB-4B49-94FB-B3667724B712}.Debug|Any CPU.ActiveCfg = Debug|Any CPU
		{00137AAA-2CAB-4B49-94FB-B3667724B712}.Debug|Any CPU.Build.0 = Debug|Any CPU
		{00137AAA-2CAB-4B49-94FB-B3667724B712}.Debug|x64.ActiveCfg = Debug|Any CPU
		{00137AAA-2CAB-4B49-94FB-B3667724B712}.Debug|x64.Build.0 = Debug|Any CPU
		{00137AAA-2CAB-4B49-94FB-B3667724B712}.Debug|x86.ActiveCfg = Debug|Any CPU
		{00137AAA-2CAB-4B49-94FB-B3667724B712}.Debug|x86.Build.0 = Debug|Any CPU
		{00137AAA-2CAB-4B49-94FB-B3667724B712}.Release|Any CPU.ActiveCfg = Release|Any CPU
		{00137AAA-2CAB-4B49-94FB-B3667724B712}.Release|Any CPU.Build.0 = Release|Any CPU
		{00137AAA-2CAB-4B49-94FB-B3667724B712}.Release|x64.ActiveCfg = Release|Any CPU
		{00137AAA-2CAB-4B49-94FB-B3667724B712}.Release|x64.Build.0 = Release|Any CPU
		{00137AAA-2CAB-4B49-94FB-B3667724B712}.Release|x86.ActiveCfg = Release|Any CPU
		{00137AAA-2CAB-4B49-94FB-B3667724B712}.Release|x86.Build.0 = Release|Any CPU
		{F15BBF6D-7AE1-42EF-BBB6-25EDA89535E4}.Debug|Any CPU.ActiveCfg = Debug|Any CPU
		{F15BBF6D-7AE1-42EF-BBB6-25EDA89535E4}.Debug|Any CPU.Build.0 = Debug|Any CPU
		{F15BBF6D-7AE1-42EF-BBB6-25EDA89535E4}.Debug|x64.ActiveCfg = Debug|Any CPU
		{F15BBF6D-7AE1-42EF-BBB6-25EDA89535E4}.Debug|x64.Build.0 = Debug|Any CPU
		{F15BBF6D-7AE1-42EF-BBB6-25EDA89535E4}.Debug|x86.ActiveCfg = Debug|Any CPU
		{F15BBF6D-7AE1-42EF-BBB6-25EDA89535E4}.Debug|x86.Build.0 = Debug|Any CPU
		{F15BBF6D-7AE1-42EF-BBB6-25EDA89535E4}.Release|Any CPU.ActiveCfg = Release|Any CPU
		{F15BBF6D-7AE1-42EF-BBB6-25EDA89535E4}.Release|Any CPU.Build.0 = Release|Any CPU
		{F15BBF6D-7AE1-42EF-BBB6-25EDA89535E4}.Release|x64.ActiveCfg = Release|Any CPU
		{F15BBF6D-7AE1-42EF-BBB6-25EDA89535E4}.Release|x64.Build.0 = Release|Any CPU
		{F15BBF6D-7AE1-42EF-BBB6-25EDA89535E4}.Release|x86.ActiveCfg = Release|Any CPU
		{F15BBF6D-7AE1-42EF-BBB6-25EDA89535E4}.Release|x86.Build.0 = Release|Any CPU
		{88B8C2D1-52BD-4818-8079-DC01B5E5931B}.Debug|Any CPU.ActiveCfg = Debug|Any CPU
		{88B8C2D1-52BD-4818-8079-DC01B5E5931B}.Debug|Any CPU.Build.0 = Debug|Any CPU
		{88B8C2D1-52BD-4818-8079-DC01B5E5931B}.Debug|x64.ActiveCfg = Debug|Any CPU
		{88B8C2D1-52BD-4818-8079-DC01B5E5931B}.Debug|x64.Build.0 = Debug|Any CPU
		{88B8C2D1-52BD-4818-8079-DC01B5E5931B}.Debug|x86.ActiveCfg = Debug|Any CPU
		{88B8C2D1-52BD-4818-8079-DC01B5E5931B}.Debug|x86.Build.0 = Debug|Any CPU
		{88B8C2D1-52BD-4818-8079-DC01B5E5931B}.Release|Any CPU.ActiveCfg = Release|Any CPU
		{88B8C2D1-52BD-4818-8079-DC01B5E5931B}.Release|Any CPU.Build.0 = Release|Any CPU
		{88B8C2D1-52BD-4818-8079-DC01B5E5931B}.Release|x64.ActiveCfg = Release|Any CPU
		{88B8C2D1-52BD-4818-8079-DC01B5E5931B}.Release|x64.Build.0 = Release|Any CPU
		{88B8C2D1-52BD-4818-8079-DC01B5E5931B}.Release|x86.ActiveCfg = Release|Any CPU
		{88B8C2D1-52BD-4818-8079-DC01B5E5931B}.Release|x86.Build.0 = Release|Any CPU
		{82B635BA-A155-423B-BD15-4D01F8840959}.Debug|Any CPU.ActiveCfg = Debug|Any CPU
		{82B635BA-A155-423B-BD15-4D01F8840959}.Debug|Any CPU.Build.0 = Debug|Any CPU
		{82B635BA-A155-423B-BD15-4D01F8840959}.Debug|x64.ActiveCfg = Debug|Any CPU
		{82B635BA-A155-423B-BD15-4D01F8840959}.Debug|x64.Build.0 = Debug|Any CPU
		{82B635BA-A155-423B-BD15-4D01F8840959}.Debug|x86.ActiveCfg = Debug|Any CPU
		{82B635BA-A155-423B-BD15-4D01F8840959}.Debug|x86.Build.0 = Debug|Any CPU
		{82B635BA-A155-423B-BD15-4D01F8840959}.Release|Any CPU.ActiveCfg = Release|Any CPU
		{82B635BA-A155-423B-BD15-4D01F8840959}.Release|Any CPU.Build.0 = Release|Any CPU
		{82B635BA-A155-423B-BD15-4D01F8840959}.Release|x64.ActiveCfg = Release|Any CPU
		{82B635BA-A155-423B-BD15-4D01F8840959}.Release|x64.Build.0 = Release|Any CPU
		{82B635BA-A155-423B-BD15-4D01F8840959}.Release|x86.ActiveCfg = Release|Any CPU
		{82B635BA-A155-423B-BD15-4D01F8840959}.Release|x86.Build.0 = Release|Any CPU
		{385C1576-1FF6-4502-AE1C-6ABF8B7FC60F}.Debug|Any CPU.ActiveCfg = Debug|Any CPU
		{385C1576-1FF6-4502-AE1C-6ABF8B7FC60F}.Debug|Any CPU.Build.0 = Debug|Any CPU
		{385C1576-1FF6-4502-AE1C-6ABF8B7FC60F}.Debug|x64.ActiveCfg = Debug|Any CPU
		{385C1576-1FF6-4502-AE1C-6ABF8B7FC60F}.Debug|x64.Build.0 = Debug|Any CPU
		{385C1576-1FF6-4502-AE1C-6ABF8B7FC60F}.Debug|x86.ActiveCfg = Debug|Any CPU
		{385C1576-1FF6-4502-AE1C-6ABF8B7FC60F}.Debug|x86.Build.0 = Debug|Any CPU
		{385C1576-1FF6-4502-AE1C-6ABF8B7FC60F}.Release|Any CPU.ActiveCfg = Release|Any CPU
		{385C1576-1FF6-4502-AE1C-6ABF8B7FC60F}.Release|Any CPU.Build.0 = Release|Any CPU
		{385C1576-1FF6-4502-AE1C-6ABF8B7FC60F}.Release|x64.ActiveCfg = Release|Any CPU
		{385C1576-1FF6-4502-AE1C-6ABF8B7FC60F}.Release|x64.Build.0 = Release|Any CPU
		{385C1576-1FF6-4502-AE1C-6ABF8B7FC60F}.Release|x86.ActiveCfg = Release|Any CPU
		{385C1576-1FF6-4502-AE1C-6ABF8B7FC60F}.Release|x86.Build.0 = Release|Any CPU
		{806463A4-5195-48E3-BF7D-21F5EC7B69AB}.Debug|Any CPU.ActiveCfg = Debug|Any CPU
		{806463A4-5195-48E3-BF7D-21F5EC7B69AB}.Debug|Any CPU.Build.0 = Debug|Any CPU
		{806463A4-5195-48E3-BF7D-21F5EC7B69AB}.Debug|x64.ActiveCfg = Debug|Any CPU
		{806463A4-5195-48E3-BF7D-21F5EC7B69AB}.Debug|x64.Build.0 = Debug|Any CPU
		{806463A4-5195-48E3-BF7D-21F5EC7B69AB}.Debug|x86.ActiveCfg = Debug|Any CPU
		{806463A4-5195-48E3-BF7D-21F5EC7B69AB}.Debug|x86.Build.0 = Debug|Any CPU
		{806463A4-5195-48E3-BF7D-21F5EC7B69AB}.Release|Any CPU.ActiveCfg = Release|Any CPU
		{806463A4-5195-48E3-BF7D-21F5EC7B69AB}.Release|Any CPU.Build.0 = Release|Any CPU
		{806463A4-5195-48E3-BF7D-21F5EC7B69AB}.Release|x64.ActiveCfg = Release|Any CPU
		{806463A4-5195-48E3-BF7D-21F5EC7B69AB}.Release|x64.Build.0 = Release|Any CPU
		{806463A4-5195-48E3-BF7D-21F5EC7B69AB}.Release|x86.ActiveCfg = Release|Any CPU
		{806463A4-5195-48E3-BF7D-21F5EC7B69AB}.Release|x86.Build.0 = Release|Any CPU
	EndGlobalSection
	GlobalSection(SolutionProperties) = preSolution
		HideSolutionNode = FALSE
	EndGlobalSection
	GlobalSection(NestedProjects) = preSolution
		{346094D9-2D0F-4702-B48A-CEF053308D10} = {DAD03CFC-D5FA-AC94-41C7-9ABAB326F09E}
		{00137AAA-2CAB-4B49-94FB-B3667724B712} = {F5470FF3-9A42-F5CD-4E11-297FBBACA6C6}
		{F15BBF6D-7AE1-42EF-BBB6-25EDA89535E4} = {6C6414E3-6AF9-DC80-0553-3DCC949CD66A}
		{88B8C2D1-52BD-4818-8079-DC01B5E5931B} = {B4AE422A-53E3-0580-3F3E-AC82005D2247}
		{82B635BA-A155-423B-BD15-4D01F8840959} = {D101A23D-F81F-7D29-AA88-785B1AA581B8}
		{385C1576-1FF6-4502-AE1C-6ABF8B7FC60F} = {FF7F82A6-1743-7B74-C779-A1AD51195B34}
		{806463A4-5195-48E3-BF7D-21F5EC7B69AB} = {CD67C970-BDBD-1193-C63C-0A5FA33EE516}
	EndGlobalSection
EndGlobal
